PODS:
  - FMDB (2.7.5):
    - FMDB/standard (= 2.7.5)
  - FMDB/standard (2.7.5)
  - LKDBHelper (2.6.0):
    - LKDBHelper/standard (= 2.6.0)
  - LKDBHelper/standard (2.6.0):
    - FMDB

DEPENDENCIES:
  - LKDBHelper (from `../`)

SPEC REPOS:
  trunk:
    - FMDB

EXTERNAL SOURCES:
  LKDBHelper:
    :path: "../"

SPEC CHECKSUMS:
  FMDB: 2ce00b547f966261cd18927a3ddb07cb6f3db82a
  LKDBHelper: 58982cb63832355860a64fed34c381f34e535fbd

PODFILE CHECKSUM: b9c1948f10a28d51b2e02ab96e4f7eb69e105bd8

COCOAPODS: 1.10.2
